// !$*UTF8*$!
{
	archiveVersion = 1;
	classes = {
	};
	objectVersion = 46;
	objects = {

/* Begin PBXBuildFile section */
		D23F935514114E0B0032E317 /* Jot.m in Sources */ = {isa = PBXBuildFile; fileRef = D23F935414114E0B0032E317 /* Jot.m */; };
		D23F936E141284410032E317 /* Reachability.m in Sources */ = {isa = PBXBuildFile; fileRef = D23F936D141284410032E317 /* Reachability.m */; };
		D23F9371141284490032E317 /* RequestBase.m in Sources */ = {isa = PBXBuildFile; fileRef = D23F9370141284490032E317 /* RequestBase.m */; };
		D23F93771412845A0032E317 /* GTMHTTPFetcher.m in Sources */ = {isa = PBXBuildFile; fileRef = D23F93741412845A0032E317 /* GTMHTTPFetcher.m */; };
		D23F93781412845A0032E317 /* GTMHTTPUploadFetcher.m in Sources */ = {isa = PBXBuildFile; fileRef = D23F93761412845A0032E317 /* GTMHTTPUploadFetcher.m */; };
		D23F937D1412855E0032E317 /* SystemConfiguration.framework in Frameworks */ = {isa = PBXBuildFile; fileRef = D23F937C1412855E0032E317 /* SystemConfiguration.framework */; };
		D23F9380141288E10032E317 /* ResponseBase.m in Sources */ = {isa = PBXBuildFile; fileRef = D23F937F141288E10032E317 /* ResponseBase.m */; };
		D23F938314128A780032E317 /* StreamRequest.m in Sources */ = {isa = PBXBuildFile; fileRef = D23F938214128A780032E317 /* StreamRequest.m */; };
		D23F938714128AD90032E317 /* Constants.m in Sources */ = {isa = PBXBuildFile; fileRef = D23F938614128AD90032E317 /* Constants.m */; };
		D23F938A14128AE10032E317 /* C.m in Sources */ = {isa = PBXBuildFile; fileRef = D23F938914128AE10032E317 /* C.m */; };
		D23F938D14128B5B0032E317 /* Settings.m in Sources */ = {isa = PBXBuildFile; fileRef = D23F938C14128B5B0032E317 /* Settings.m */; };
		D23F93901412970C0032E317 /* StreamResponse.m in Sources */ = {isa = PBXBuildFile; fileRef = D23F938F1412970C0032E317 /* StreamResponse.m */; };
		D23F939814129F3C0032E317 /* User.m in Sources */ = {isa = PBXBuildFile; fileRef = D23F939714129F3C0032E317 /* User.m */; };
		D23F939F1412A1D00032E317 /* UserCache.m in Sources */ = {isa = PBXBuildFile; fileRef = D23F939E1412A1D00032E317 /* UserCache.m */; };
		D23F93A21412A1E90032E317 /* JotCache.m in Sources */ = {isa = PBXBuildFile; fileRef = D23F93A11412A1E90032E317 /* JotCache.m */; };
		D23F93A51412A25E0032E317 /* NSArray+Extensions.m in Sources */ = {isa = PBXBuildFile; fileRef = D23F93A41412A25E0032E317 /* NSArray+Extensions.m */; };
		D23F93C01412AA640032E317 /* NSObject+SBJson.m in Sources */ = {isa = PBXBuildFile; fileRef = D23F93A81412AA640032E317 /* NSObject+SBJson.m */; };
		D23F93C11412AA640032E317 /* SBJsonParser.m in Sources */ = {isa = PBXBuildFile; fileRef = D23F93AB1412AA640032E317 /* SBJsonParser.m */; };
		D23F93C21412AA640032E317 /* SBJsonStreamParser.m in Sources */ = {isa = PBXBuildFile; fileRef = D23F93AD1412AA640032E317 /* SBJsonStreamParser.m */; };
		D23F93C31412AA640032E317 /* SBJsonStreamParserAccumulator.m in Sources */ = {isa = PBXBuildFile; fileRef = D23F93AF1412AA640032E317 /* SBJsonStreamParserAccumulator.m */; };
		D23F93C41412AA640032E317 /* SBJsonStreamParserAdapter.m in Sources */ = {isa = PBXBuildFile; fileRef = D23F93B11412AA640032E317 /* SBJsonStreamParserAdapter.m */; };
		D23F93C51412AA640032E317 /* SBJsonStreamParserState.m in Sources */ = {isa = PBXBuildFile; fileRef = D23F93B31412AA640032E317 /* SBJsonStreamParserState.m */; };
		D23F93C61412AA640032E317 /* SBJsonStreamWriter.m in Sources */ = {isa = PBXBuildFile; fileRef = D23F93B51412AA640032E317 /* SBJsonStreamWriter.m */; };
		D23F93C71412AA640032E317 /* SBJsonStreamWriterAccumulator.m in Sources */ = {isa = PBXBuildFile; fileRef = D23F93B71412AA640032E317 /* SBJsonStreamWriterAccumulator.m */; };
		D23F93C81412AA640032E317 /* SBJsonStreamWriterState.m in Sources */ = {isa = PBXBuildFile; fileRef = D23F93B91412AA640032E317 /* SBJsonStreamWriterState.m */; };
		D23F93C91412AA640032E317 /* SBJsonTokeniser.m in Sources */ = {isa = PBXBuildFile; fileRef = D23F93BB1412AA640032E317 /* SBJsonTokeniser.m */; };
		D23F93CA1412AA640032E317 /* SBJsonUTF8Stream.m in Sources */ = {isa = PBXBuildFile; fileRef = D23F93BD1412AA640032E317 /* SBJsonUTF8Stream.m */; };
		D23F93CB1412AA640032E317 /* SBJsonWriter.m in Sources */ = {isa = PBXBuildFile; fileRef = D23F93BF1412AA640032E317 /* SBJsonWriter.m */; };
		D23F93D21412B0810032E317 /* NSString+ParsedBool.m in Sources */ = {isa = PBXBuildFile; fileRef = D23F93D11412B0810032E317 /* NSString+ParsedBool.m */; };
		D23F93DB1412C1960032E317 /* home in Resources */ = {isa = PBXBuildFile; fileRef = D23F93DA1412C1960032E317 /* home */; };
		D23F93DD1412C1A30032E317 /* failed in Resources */ = {isa = PBXBuildFile; fileRef = D23F93DC1412C1A30032E317 /* failed */; };
		D23F93E11412CC410032E317 /* explore.png in Resources */ = {isa = PBXBuildFile; fileRef = D23F93DF1412CC410032E317 /* explore.png */; };
		D23F93E21412CC410032E317 /* explore@2x.png in Resources */ = {isa = PBXBuildFile; fileRef = D23F93E01412CC410032E317 /* explore@2x.png */; };
		D23F93E51412CD910032E317 /* notifications.png in Resources */ = {isa = PBXBuildFile; fileRef = D23F93E31412CD910032E317 /* notifications.png */; };
		D23F93E61412CD910032E317 /* notifications@2x.png in Resources */ = {isa = PBXBuildFile; fileRef = D23F93E41412CD910032E317 /* notifications@2x.png */; };
		D23F93E91412D0FB0032E317 /* stream.png in Resources */ = {isa = PBXBuildFile; fileRef = D23F93E71412D0FB0032E317 /* stream.png */; };
		D23F93EA1412D0FB0032E317 /* stream@2x.png in Resources */ = {isa = PBXBuildFile; fileRef = D23F93E81412D0FB0032E317 /* stream@2x.png */; };
		D23F93ED1412D31C0032E317 /* settings.png in Resources */ = {isa = PBXBuildFile; fileRef = D23F93EB1412D31C0032E317 /* settings.png */; };
		D23F93EE1412D31C0032E317 /* settings@2x.png in Resources */ = {isa = PBXBuildFile; fileRef = D23F93EC1412D31C0032E317 /* settings@2x.png */; };
		D23F93F41412D3F20032E317 /* StreamViewController.m in Sources */ = {isa = PBXBuildFile; fileRef = D23F93F21412D3F20032E317 /* StreamViewController.m */; };
		D23F93F51412D3F20032E317 /* StreamView.xib in Resources */ = {isa = PBXBuildFile; fileRef = D23F93F31412D3F20032E317 /* StreamView.xib */; };
		D23F94021412D5FE0032E317 /* HomeStreamController.m in Sources */ = {isa = PBXBuildFile; fileRef = D23F94001412D5FE0032E317 /* HomeStreamController.m */; };
		D23F94031412D5FE0032E317 /* HomeStream.xib in Resources */ = {isa = PBXBuildFile; fileRef = D23F94011412D5FE0032E317 /* HomeStream.xib */; };
		D23F94781412FB190032E317 /* JotTableCell.m in Sources */ = {isa = PBXBuildFile; fileRef = D23F94771412FB180032E317 /* JotTableCell.m */; };
		D23F947A1412FB2C0032E317 /* JotTableCell.xib in Resources */ = {isa = PBXBuildFile; fileRef = D23F94791412FB2C0032E317 /* JotTableCell.xib */; };
		D23F9492141301E40032E317 /* nsantorello.jpg in Resources */ = {isa = PBXBuildFile; fileRef = D23F9491141301E40032E317 /* nsantorello.jpg */; };
		D23F94951413023B0032E317 /* ImageCache.m in Sources */ = {isa = PBXBuildFile; fileRef = D23F94941413023A0032E317 /* ImageCache.m */; };
		D23F949A141308C50032E317 /* JotDetailController.m in Sources */ = {isa = PBXBuildFile; fileRef = D23F9498141308C50032E317 /* JotDetailController.m */; };
		D23F949B141308C50032E317 /* JotDetailController.xib in Resources */ = {isa = PBXBuildFile; fileRef = D23F9499141308C50032E317 /* JotDetailController.xib */; };
		D23F94A014130A1E0032E317 /* ExploreViewController.m in Sources */ = {isa = PBXBuildFile; fileRef = D23F949E14130A1E0032E317 /* ExploreViewController.m */; };
		D23F94A114130A1E0032E317 /* ExploreView.xib in Resources */ = {isa = PBXBuildFile; fileRef = D23F949F14130A1E0032E317 /* ExploreView.xib */; };
		D291E75B1413C1CB00CB08A8 /* JotDetailTableCell.m in Sources */ = {isa = PBXBuildFile; fileRef = D291E7591413C1CB00CB08A8 /* JotDetailTableCell.m */; };
		D291E75C1413C1CB00CB08A8 /* JotDetailTableCell.xib in Resources */ = {isa = PBXBuildFile; fileRef = D291E75A1413C1CB00CB08A8 /* JotDetailTableCell.xib */; };
		D291E7601413C1D600CB08A8 /* CommentTableCell.m in Sources */ = {isa = PBXBuildFile; fileRef = D291E75E1413C1D600CB08A8 /* CommentTableCell.m */; };
		D291E7611413C1D600CB08A8 /* CommentTableCell.xib in Resources */ = {isa = PBXBuildFile; fileRef = D291E75F1413C1D600CB08A8 /* CommentTableCell.xib */; };
		D291E7671413C87700CB08A8 /* NotificationsController.m in Sources */ = {isa = PBXBuildFile; fileRef = D291E7651413C87700CB08A8 /* NotificationsController.m */; };
		D291E7681413C87700CB08A8 /* Notifications.xib in Resources */ = {isa = PBXBuildFile; fileRef = D291E7661413C87700CB08A8 /* Notifications.xib */; };
		D291E76C1413C8CE00CB08A8 /* SettingsController.m in Sources */ = {isa = PBXBuildFile; fileRef = D291E76A1413C8CE00CB08A8 /* SettingsController.m */; };
		D291E76D1413C8CE00CB08A8 /* Settings.xib in Resources */ = {isa = PBXBuildFile; fileRef = D291E76B1413C8CE00CB08A8 /* Settings.xib */; };
		D291E7711413CB0A00CB08A8 /* KeyValueTableCell.m in Sources */ = {isa = PBXBuildFile; fileRef = D291E76F1413CB0A00CB08A8 /* KeyValueTableCell.m */; };
		D291E7721413CB0A00CB08A8 /* KeyValueTableCell.xib in Resources */ = {isa = PBXBuildFile; fileRef = D291E7701413CB0A00CB08A8 /* KeyValueTableCell.xib */; };
		D291E77B1413CF4A00CB08A8 /* ButtonTableCell.m in Sources */ = {isa = PBXBuildFile; fileRef = D291E7791413CF4900CB08A8 /* ButtonTableCell.m */; };
		D291E77C1413CF4A00CB08A8 /* ButtonTableCell.xib in Resources */ = {isa = PBXBuildFile; fileRef = D291E77A1413CF4900CB08A8 /* ButtonTableCell.xib */; };
		D291E7801413D5C400CB08A8 /* no-notifications.png in Resources */ = {isa = PBXBuildFile; fileRef = D291E77E1413D5C400CB08A8 /* no-notifications.png */; };
		D291E7811413D5C400CB08A8 /* no-notifications@2x.png in Resources */ = {isa = PBXBuildFile; fileRef = D291E77F1413D5C400CB08A8 /* no-notifications@2x.png */; };
		D291E7871413E31300CB08A8 /* explore in Resources */ = {isa = PBXBuildFile; fileRef = D291E7821413E31300CB08A8 /* explore */; };
		D291E7881413E31300CB08A8 /* notifications in Resources */ = {isa = PBXBuildFile; fileRef = D291E7831413E31300CB08A8 /* notifications */; };
		D291E7891413E31300CB08A8 /* post_comment in Resources */ = {isa = PBXBuildFile; fileRef = D291E7841413E31300CB08A8 /* post_comment */; };
		D291E78A1413E31300CB08A8 /* post_jot in Resources */ = {isa = PBXBuildFile; fileRef = D291E7851413E31300CB08A8 /* post_jot */; };
		D291E78B1413E31300CB08A8 /* user in Resources */ = {isa = PBXBuildFile; fileRef = D291E7861413E31300CB08A8 /* user */; };
		D2F56F37140EBBFC00F72DF0 /* UIKit.framework in Frameworks */ = {isa = PBXBuildFile; fileRef = D2F56F36140EBBFC00F72DF0 /* UIKit.framework */; };
		D2F56F39140EBBFC00F72DF0 /* Foundation.framework in Frameworks */ = {isa = PBXBuildFile; fileRef = D2F56F38140EBBFC00F72DF0 /* Foundation.framework */; };
		D2F56F3B140EBBFC00F72DF0 /* CoreGraphics.framework in Frameworks */ = {isa = PBXBuildFile; fileRef = D2F56F3A140EBBFC00F72DF0 /* CoreGraphics.framework */; };
		D2F56F41140EBBFC00F72DF0 /* InfoPlist.strings in Resources */ = {isa = PBXBuildFile; fileRef = D2F56F3F140EBBFC00F72DF0 /* InfoPlist.strings */; };
		D2F56F44140EBBFC00F72DF0 /* main.m in Sources */ = {isa = PBXBuildFile; fileRef = D2F56F43140EBBFC00F72DF0 /* main.m */; };
		D2F56F47140EBBFC00F72DF0 /* SubjotAppDelegate.m in Sources */ = {isa = PBXBuildFile; fileRef = D2F56F46140EBBFC00F72DF0 /* SubjotAppDelegate.m */; };
		D2F56F4B140EBBFC00F72DF0 /* SubjotAppDelegate_iPhone.m in Sources */ = {isa = PBXBuildFile; fileRef = D2F56F4A140EBBFC00F72DF0 /* SubjotAppDelegate_iPhone.m */; };
		D2F56F4E140EBBFC00F72DF0 /* MainWindow_iPhone.xib in Resources */ = {isa = PBXBuildFile; fileRef = D2F56F4C140EBBFC00F72DF0 /* MainWindow_iPhone.xib */; };
		D2F56F52140EBBFC00F72DF0 /* SubjotAppDelegate_iPad.m in Sources */ = {isa = PBXBuildFile; fileRef = D2F56F51140EBBFC00F72DF0 /* SubjotAppDelegate_iPad.m */; };
		D2F56F55140EBBFC00F72DF0 /* MainWindow_iPad.xib in Resources */ = {isa = PBXBuildFile; fileRef = D2F56F53140EBBFC00F72DF0 /* MainWindow_iPad.xib */; };
/* End PBXBuildFile section */

/* Begin PBXFileReference section */
		D23F935314114E0B0032E317 /* Jot.h */ = {isa = PBXFileReference; fileEncoding = 4; lastKnownFileType = sourcecode.c.h; path = Jot.h; sourceTree = "<group>"; };
		D23F935414114E0B0032E317 /* Jot.m */ = {isa = PBXFileReference; fileEncoding = 4; lastKnownFileType = sourcecode.c.objc; path = Jot.m; sourceTree = "<group>"; };
		D23F936C141284410032E317 /* Reachability.h */ = {isa = PBXFileReference; fileEncoding = 4; lastKnownFileType = sourcecode.c.h; path = Reachability.h; sourceTree = "<group>"; };
		D23F936D141284410032E317 /* Reachability.m */ = {isa = PBXFileReference; fileEncoding = 4; lastKnownFileType = sourcecode.c.objc; path = Reachability.m; sourceTree = "<group>"; };
		D23F936F141284490032E317 /* RequestBase.h */ = {isa = PBXFileReference; fileEncoding = 4; lastKnownFileType = sourcecode.c.h; path = RequestBase.h; sourceTree = "<group>"; };
		D23F9370141284490032E317 /* RequestBase.m */ = {isa = PBXFileReference; fileEncoding = 4; lastKnownFileType = sourcecode.c.objc; path = RequestBase.m; sourceTree = "<group>"; };
		D23F93731412845A0032E317 /* GTMHTTPFetcher.h */ = {isa = PBXFileReference; fileEncoding = 4; lastKnownFileType = sourcecode.c.h; path = GTMHTTPFetcher.h; sourceTree = "<group>"; };
		D23F93741412845A0032E317 /* GTMHTTPFetcher.m */ = {isa = PBXFileReference; fileEncoding = 4; lastKnownFileType = sourcecode.c.objc; path = GTMHTTPFetcher.m; sourceTree = "<group>"; };
		D23F93751412845A0032E317 /* GTMHTTPUploadFetcher.h */ = {isa = PBXFileReference; fileEncoding = 4; lastKnownFileType = sourcecode.c.h; path = GTMHTTPUploadFetcher.h; sourceTree = "<group>"; };
		D23F93761412845A0032E317 /* GTMHTTPUploadFetcher.m */ = {isa = PBXFileReference; fileEncoding = 4; lastKnownFileType = sourcecode.c.objc; path = GTMHTTPUploadFetcher.m; sourceTree = "<group>"; };
		D23F937C1412855E0032E317 /* SystemConfiguration.framework */ = {isa = PBXFileReference; lastKnownFileType = wrapper.framework; name = SystemConfiguration.framework; path = System/Library/Frameworks/SystemConfiguration.framework; sourceTree = SDKROOT; };
		D23F937E141288E10032E317 /* ResponseBase.h */ = {isa = PBXFileReference; fileEncoding = 4; lastKnownFileType = sourcecode.c.h; path = ResponseBase.h; sourceTree = "<group>"; };
		D23F937F141288E10032E317 /* ResponseBase.m */ = {isa = PBXFileReference; fileEncoding = 4; lastKnownFileType = sourcecode.c.objc; path = ResponseBase.m; sourceTree = "<group>"; };
		D23F938114128A780032E317 /* StreamRequest.h */ = {isa = PBXFileReference; fileEncoding = 4; lastKnownFileType = sourcecode.c.h; path = StreamRequest.h; sourceTree = "<group>"; };
		D23F938214128A780032E317 /* StreamRequest.m */ = {isa = PBXFileReference; fileEncoding = 4; lastKnownFileType = sourcecode.c.objc; path = StreamRequest.m; sourceTree = "<group>"; };
		D23F938514128AD90032E317 /* Constants.h */ = {isa = PBXFileReference; fileEncoding = 4; lastKnownFileType = sourcecode.c.h; path = Constants.h; sourceTree = "<group>"; };
		D23F938614128AD90032E317 /* Constants.m */ = {isa = PBXFileReference; fileEncoding = 4; lastKnownFileType = sourcecode.c.objc; path = Constants.m; sourceTree = "<group>"; };
		D23F938814128AE10032E317 /* C.h */ = {isa = PBXFileReference; fileEncoding = 4; lastKnownFileType = sourcecode.c.h; path = C.h; sourceTree = "<group>"; };
		D23F938914128AE10032E317 /* C.m */ = {isa = PBXFileReference; fileEncoding = 4; lastKnownFileType = sourcecode.c.objc; path = C.m; sourceTree = "<group>"; };
		D23F938B14128B5B0032E317 /* Settings.h */ = {isa = PBXFileReference; fileEncoding = 4; lastKnownFileType = sourcecode.c.h; path = Settings.h; sourceTree = "<group>"; };
		D23F938C14128B5B0032E317 /* Settings.m */ = {isa = PBXFileReference; fileEncoding = 4; lastKnownFileType = sourcecode.c.objc; path = Settings.m; sourceTree = "<group>"; };
		D23F938E1412970C0032E317 /* StreamResponse.h */ = {isa = PBXFileReference; fileEncoding = 4; lastKnownFileType = sourcecode.c.h; path = StreamResponse.h; sourceTree = "<group>"; };
		D23F938F1412970C0032E317 /* StreamResponse.m */ = {isa = PBXFileReference; fileEncoding = 4; lastKnownFileType = sourcecode.c.objc; path = StreamResponse.m; sourceTree = "<group>"; };
		D23F939614129F3C0032E317 /* User.h */ = {isa = PBXFileReference; fileEncoding = 4; lastKnownFileType = sourcecode.c.h; path = User.h; sourceTree = "<group>"; };
		D23F939714129F3C0032E317 /* User.m */ = {isa = PBXFileReference; fileEncoding = 4; lastKnownFileType = sourcecode.c.objc; path = User.m; sourceTree = "<group>"; };
		D23F939D1412A1D00032E317 /* UserCache.h */ = {isa = PBXFileReference; fileEncoding = 4; lastKnownFileType = sourcecode.c.h; path = UserCache.h; sourceTree = "<group>"; };
		D23F939E1412A1D00032E317 /* UserCache.m */ = {isa = PBXFileReference; fileEncoding = 4; lastKnownFileType = sourcecode.c.objc; path = UserCache.m; sourceTree = "<group>"; };
		D23F93A01412A1E90032E317 /* JotCache.h */ = {isa = PBXFileReference; fileEncoding = 4; lastKnownFileType = sourcecode.c.h; path = JotCache.h; sourceTree = "<group>"; };
		D23F93A11412A1E90032E317 /* JotCache.m */ = {isa = PBXFileReference; fileEncoding = 4; lastKnownFileType = sourcecode.c.objc; path = JotCache.m; sourceTree = "<group>"; };
		D23F93A31412A25E0032E317 /* NSArray+Extensions.h */ = {isa = PBXFileReference; fileEncoding = 4; lastKnownFileType = sourcecode.c.h; path = "NSArray+Extensions.h"; sourceTree = "<group>"; };
		D23F93A41412A25E0032E317 /* NSArray+Extensions.m */ = {isa = PBXFileReference; fileEncoding = 4; lastKnownFileType = sourcecode.c.objc; path = "NSArray+Extensions.m"; sourceTree = "<group>"; };
		D23F93A71412AA640032E317 /* NSObject+SBJson.h */ = {isa = PBXFileReference; fileEncoding = 4; lastKnownFileType = sourcecode.c.h; name = "NSObject+SBJson.h"; path = "JSON/NSObject+SBJson.h"; sourceTree = "<group>"; };
		D23F93A81412AA640032E317 /* NSObject+SBJson.m */ = {isa = PBXFileReference; fileEncoding = 4; lastKnownFileType = sourcecode.c.objc; name = "NSObject+SBJson.m"; path = "JSON/NSObject+SBJson.m"; sourceTree = "<group>"; };
		D23F93A91412AA640032E317 /* SBJson.h */ = {isa = PBXFileReference; fileEncoding = 4; lastKnownFileType = sourcecode.c.h; name = SBJson.h; path = JSON/SBJson.h; sourceTree = "<group>"; };
		D23F93AA1412AA640032E317 /* SBJsonParser.h */ = {isa = PBXFileReference; fileEncoding = 4; lastKnownFileType = sourcecode.c.h; name = SBJsonParser.h; path = JSON/SBJsonParser.h; sourceTree = "<group>"; };
		D23F93AB1412AA640032E317 /* SBJsonParser.m */ = {isa = PBXFileReference; fileEncoding = 4; lastKnownFileType = sourcecode.c.objc; name = SBJsonParser.m; path = JSON/SBJsonParser.m; sourceTree = "<group>"; };
		D23F93AC1412AA640032E317 /* SBJsonStreamParser.h */ = {isa = PBXFileReference; fileEncoding = 4; lastKnownFileType = sourcecode.c.h; name = SBJsonStreamParser.h; path = JSON/SBJsonStreamParser.h; sourceTree = "<group>"; };
		D23F93AD1412AA640032E317 /* SBJsonStreamParser.m */ = {isa = PBXFileReference; fileEncoding = 4; lastKnownFileType = sourcecode.c.objc; name = SBJsonStreamParser.m; path = JSON/SBJsonStreamParser.m; sourceTree = "<group>"; };
		D23F93AE1412AA640032E317 /* SBJsonStreamParserAccumulator.h */ = {isa = PBXFileReference; fileEncoding = 4; lastKnownFileType = sourcecode.c.h; name = SBJsonStreamParserAccumulator.h; path = JSON/SBJsonStreamParserAccumulator.h; sourceTree = "<group>"; };
		D23F93AF1412AA640032E317 /* SBJsonStreamParserAccumulator.m */ = {isa = PBXFileReference; fileEncoding = 4; lastKnownFileType = sourcecode.c.objc; name = SBJsonStreamParserAccumulator.m; path = JSON/SBJsonStreamParserAccumulator.m; sourceTree = "<group>"; };
		D23F93B01412AA640032E317 /* SBJsonStreamParserAdapter.h */ = {isa = PBXFileReference; fileEncoding = 4; lastKnownFileType = sourcecode.c.h; name = SBJsonStreamParserAdapter.h; path = JSON/SBJsonStreamParserAdapter.h; sourceTree = "<group>"; };
		D23F93B11412AA640032E317 /* SBJsonStreamParserAdapter.m */ = {isa = PBXFileReference; fileEncoding = 4; lastKnownFileType = sourcecode.c.objc; name = SBJsonStreamParserAdapter.m; path = JSON/SBJsonStreamParserAdapter.m; sourceTree = "<group>"; };
		D23F93B21412AA640032E317 /* SBJsonStreamParserState.h */ = {isa = PBXFileReference; fileEncoding = 4; lastKnownFileType = sourcecode.c.h; name = SBJsonStreamParserState.h; path = JSON/SBJsonStreamParserState.h; sourceTree = "<group>"; };
		D23F93B31412AA640032E317 /* SBJsonStreamParserState.m */ = {isa = PBXFileReference; fileEncoding = 4; lastKnownFileType = sourcecode.c.objc; name = SBJsonStreamParserState.m; path = JSON/SBJsonStreamParserState.m; sourceTree = "<group>"; };
		D23F93B41412AA640032E317 /* SBJsonStreamWriter.h */ = {isa = PBXFileReference; fileEncoding = 4; lastKnownFileType = sourcecode.c.h; name = SBJsonStreamWriter.h; path = JSON/SBJsonStreamWriter.h; sourceTree = "<group>"; };
		D23F93B51412AA640032E317 /* SBJsonStreamWriter.m */ = {isa = PBXFileReference; fileEncoding = 4; lastKnownFileType = sourcecode.c.objc; name = SBJsonStreamWriter.m; path = JSON/SBJsonStreamWriter.m; sourceTree = "<group>"; };
		D23F93B61412AA640032E317 /* SBJsonStreamWriterAccumulator.h */ = {isa = PBXFileReference; fileEncoding = 4; lastKnownFileType = sourcecode.c.h; name = SBJsonStreamWriterAccumulator.h; path = JSON/SBJsonStreamWriterAccumulator.h; sourceTree = "<group>"; };
		D23F93B71412AA640032E317 /* SBJsonStreamWriterAccumulator.m */ = {isa = PBXFileReference; fileEncoding = 4; lastKnownFileType = sourcecode.c.objc; name = SBJsonStreamWriterAccumulator.m; path = JSON/SBJsonStreamWriterAccumulator.m; sourceTree = "<group>"; };
		D23F93B81412AA640032E317 /* SBJsonStreamWriterState.h */ = {isa = PBXFileReference; fileEncoding = 4; lastKnownFileType = sourcecode.c.h; name = SBJsonStreamWriterState.h; path = JSON/SBJsonStreamWriterState.h; sourceTree = "<group>"; };
		D23F93B91412AA640032E317 /* SBJsonStreamWriterState.m */ = {isa = PBXFileReference; fileEncoding = 4; lastKnownFileType = sourcecode.c.objc; name = SBJsonStreamWriterState.m; path = JSON/SBJsonStreamWriterState.m; sourceTree = "<group>"; };
		D23F93BA1412AA640032E317 /* SBJsonTokeniser.h */ = {isa = PBXFileReference; fileEncoding = 4; lastKnownFileType = sourcecode.c.h; name = SBJsonTokeniser.h; path = JSON/SBJsonTokeniser.h; sourceTree = "<group>"; };
		D23F93BB1412AA640032E317 /* SBJsonTokeniser.m */ = {isa = PBXFileReference; fileEncoding = 4; lastKnownFileType = sourcecode.c.objc; name = SBJsonTokeniser.m; path = JSON/SBJsonTokeniser.m; sourceTree = "<group>"; };
		D23F93BC1412AA640032E317 /* SBJsonUTF8Stream.h */ = {isa = PBXFileReference; fileEncoding = 4; lastKnownFileType = sourcecode.c.h; name = SBJsonUTF8Stream.h; path = JSON/SBJsonUTF8Stream.h; sourceTree = "<group>"; };
		D23F93BD1412AA640032E317 /* SBJsonUTF8Stream.m */ = {isa = PBXFileReference; fileEncoding = 4; lastKnownFileType = sourcecode.c.objc; name = SBJsonUTF8Stream.m; path = JSON/SBJsonUTF8Stream.m; sourceTree = "<group>"; };
		D23F93BE1412AA640032E317 /* SBJsonWriter.h */ = {isa = PBXFileReference; fileEncoding = 4; lastKnownFileType = sourcecode.c.h; name = SBJsonWriter.h; path = JSON/SBJsonWriter.h; sourceTree = "<group>"; };
		D23F93BF1412AA640032E317 /* SBJsonWriter.m */ = {isa = PBXFileReference; fileEncoding = 4; lastKnownFileType = sourcecode.c.objc; name = SBJsonWriter.m; path = JSON/SBJsonWriter.m; sourceTree = "<group>"; };
		D23F93D01412B0810032E317 /* NSString+ParsedBool.h */ = {isa = PBXFileReference; fileEncoding = 4; lastKnownFileType = sourcecode.c.h; path = "NSString+ParsedBool.h"; sourceTree = "<group>"; };
		D23F93D11412B0810032E317 /* NSString+ParsedBool.m */ = {isa = PBXFileReference; fileEncoding = 4; lastKnownFileType = sourcecode.c.objc; path = "NSString+ParsedBool.m"; sourceTree = "<group>"; };
		D23F93DA1412C1960032E317 /* home */ = {isa = PBXFileReference; fileEncoding = 4; lastKnownFileType = text; name = home; path = demo_api/home; sourceTree = "<group>"; };
		D23F93DC1412C1A30032E317 /* failed */ = {isa = PBXFileReference; fileEncoding = 4; lastKnownFileType = text; name = failed; path = demo_api/failed; sourceTree = "<group>"; };
		D23F93DF1412CC410032E317 /* explore.png */ = {isa = PBXFileReference; lastKnownFileType = image.png; name = explore.png; path = Subjot/images/explore.png; sourceTree = "<group>"; };
		D23F93E01412CC410032E317 /* explore@2x.png */ = {isa = PBXFileReference; lastKnownFileType = image.png; name = "explore@2x.png"; path = "Subjot/images/explore@2x.png"; sourceTree = "<group>"; };
		D23F93E31412CD910032E317 /* notifications.png */ = {isa = PBXFileReference; lastKnownFileType = image.png; name = notifications.png; path = Subjot/images/notifications.png; sourceTree = "<group>"; };
		D23F93E41412CD910032E317 /* notifications@2x.png */ = {isa = PBXFileReference; lastKnownFileType = image.png; name = "notifications@2x.png"; path = "Subjot/images/notifications@2x.png"; sourceTree = "<group>"; };
		D23F93E71412D0FB0032E317 /* stream.png */ = {isa = PBXFileReference; lastKnownFileType = image.png; name = stream.png; path = Subjot/images/stream.png; sourceTree = "<group>"; };
		D23F93E81412D0FB0032E317 /* stream@2x.png */ = {isa = PBXFileReference; lastKnownFileType = image.png; name = "stream@2x.png"; path = "Subjot/images/stream@2x.png"; sourceTree = "<group>"; };
		D23F93EB1412D31C0032E317 /* settings.png */ = {isa = PBXFileReference; lastKnownFileType = image.png; name = settings.png; path = Subjot/images/settings.png; sourceTree = "<group>"; };
		D23F93EC1412D31C0032E317 /* settings@2x.png */ = {isa = PBXFileReference; lastKnownFileType = image.png; name = "settings@2x.png"; path = "Subjot/images/settings@2x.png"; sourceTree = "<group>"; };
		D23F93F11412D3F20032E317 /* StreamViewController.h */ = {isa = PBXFileReference; fileEncoding = 4; lastKnownFileType = sourcecode.c.h; path = StreamViewController.h; sourceTree = "<group>"; };
		D23F93F21412D3F20032E317 /* StreamViewController.m */ = {isa = PBXFileReference; fileEncoding = 4; lastKnownFileType = sourcecode.c.objc; path = StreamViewController.m; sourceTree = "<group>"; };
		D23F93F31412D3F20032E317 /* StreamView.xib */ = {isa = PBXFileReference; fileEncoding = 4; lastKnownFileType = file.xib; path = StreamView.xib; sourceTree = "<group>"; };
		D23F93FF1412D5FE0032E317 /* HomeStreamController.h */ = {isa = PBXFileReference; fileEncoding = 4; lastKnownFileType = sourcecode.c.h; path = HomeStreamController.h; sourceTree = "<group>"; };
		D23F94001412D5FE0032E317 /* HomeStreamController.m */ = {isa = PBXFileReference; fileEncoding = 4; lastKnownFileType = sourcecode.c.objc; path = HomeStreamController.m; sourceTree = "<group>"; };
		D23F94011412D5FE0032E317 /* HomeStream.xib */ = {isa = PBXFileReference; fileEncoding = 4; lastKnownFileType = file.xib; path = HomeStream.xib; sourceTree = "<group>"; };
		D23F94761412FB180032E317 /* JotTableCell.h */ = {isa = PBXFileReference; fileEncoding = 4; lastKnownFileType = sourcecode.c.h; path = JotTableCell.h; sourceTree = "<group>"; };
		D23F94771412FB180032E317 /* JotTableCell.m */ = {isa = PBXFileReference; fileEncoding = 4; lastKnownFileType = sourcecode.c.objc; path = JotTableCell.m; sourceTree = "<group>"; };
		D23F94791412FB2C0032E317 /* JotTableCell.xib */ = {isa = PBXFileReference; fileEncoding = 4; lastKnownFileType = file.xib; path = JotTableCell.xib; sourceTree = "<group>"; };
		D23F9491141301E40032E317 /* nsantorello.jpg */ = {isa = PBXFileReference; lastKnownFileType = image.jpeg; name = nsantorello.jpg; path = Subjot/images/demo/nsantorello.jpg; sourceTree = "<group>"; };
		D23F94931413023A0032E317 /* ImageCache.h */ = {isa = PBXFileReference; fileEncoding = 4; lastKnownFileType = sourcecode.c.h; path = ImageCache.h; sourceTree = "<group>"; };
		D23F94941413023A0032E317 /* ImageCache.m */ = {isa = PBXFileReference; fileEncoding = 4; lastKnownFileType = sourcecode.c.objc; path = ImageCache.m; sourceTree = "<group>"; };
		D23F9497141308C50032E317 /* JotDetailController.h */ = {isa = PBXFileReference; fileEncoding = 4; lastKnownFileType = sourcecode.c.h; path = JotDetailController.h; sourceTree = "<group>"; };
		D23F9498141308C50032E317 /* JotDetailController.m */ = {isa = PBXFileReference; fileEncoding = 4; lastKnownFileType = sourcecode.c.objc; path = JotDetailController.m; sourceTree = "<group>"; };
		D23F9499141308C50032E317 /* JotDetailController.xib */ = {isa = PBXFileReference; fileEncoding = 4; lastKnownFileType = file.xib; path = JotDetailController.xib; sourceTree = "<group>"; };
		D23F949D14130A1E0032E317 /* ExploreViewController.h */ = {isa = PBXFileReference; fileEncoding = 4; lastKnownFileType = sourcecode.c.h; path = ExploreViewController.h; sourceTree = "<group>"; };
		D23F949E14130A1E0032E317 /* ExploreViewController.m */ = {isa = PBXFileReference; fileEncoding = 4; lastKnownFileType = sourcecode.c.objc; path = ExploreViewController.m; sourceTree = "<group>"; };
		D23F949F14130A1E0032E317 /* ExploreView.xib */ = {isa = PBXFileReference; fileEncoding = 4; lastKnownFileType = file.xib; path = ExploreView.xib; sourceTree = "<group>"; };
		D291E7581413C1CB00CB08A8 /* JotDetailTableCell.h */ = {isa = PBXFileReference; fileEncoding = 4; lastKnownFileType = sourcecode.c.h; path = JotDetailTableCell.h; sourceTree = "<group>"; };
		D291E7591413C1CB00CB08A8 /* JotDetailTableCell.m */ = {isa = PBXFileReference; fileEncoding = 4; lastKnownFileType = sourcecode.c.objc; path = JotDetailTableCell.m; sourceTree = "<group>"; };
		D291E75A1413C1CB00CB08A8 /* JotDetailTableCell.xib */ = {isa = PBXFileReference; fileEncoding = 4; lastKnownFileType = file.xib; path = JotDetailTableCell.xib; sourceTree = "<group>"; };
		D291E75D1413C1D600CB08A8 /* CommentTableCell.h */ = {isa = PBXFileReference; fileEncoding = 4; lastKnownFileType = sourcecode.c.h; path = CommentTableCell.h; sourceTree = "<group>"; };
		D291E75E1413C1D600CB08A8 /* CommentTableCell.m */ = {isa = PBXFileReference; fileEncoding = 4; lastKnownFileType = sourcecode.c.objc; path = CommentTableCell.m; sourceTree = "<group>"; };
		D291E75F1413C1D600CB08A8 /* CommentTableCell.xib */ = {isa = PBXFileReference; fileEncoding = 4; lastKnownFileType = file.xib; path = CommentTableCell.xib; sourceTree = "<group>"; };
		D291E7641413C87700CB08A8 /* NotificationsController.h */ = {isa = PBXFileReference; fileEncoding = 4; lastKnownFileType = sourcecode.c.h; path = NotificationsController.h; sourceTree = "<group>"; };
		D291E7651413C87700CB08A8 /* NotificationsController.m */ = {isa = PBXFileReference; fileEncoding = 4; lastKnownFileType = sourcecode.c.objc; path = NotificationsController.m; sourceTree = "<group>"; };
		D291E7661413C87700CB08A8 /* Notifications.xib */ = {isa = PBXFileReference; fileEncoding = 4; lastKnownFileType = file.xib; path = Notifications.xib; sourceTree = "<group>"; };
		D291E7691413C8CE00CB08A8 /* SettingsController.h */ = {isa = PBXFileReference; fileEncoding = 4; lastKnownFileType = sourcecode.c.h; path = SettingsController.h; sourceTree = "<group>"; };
		D291E76A1413C8CE00CB08A8 /* SettingsController.m */ = {isa = PBXFileReference; fileEncoding = 4; lastKnownFileType = sourcecode.c.objc; path = SettingsController.m; sourceTree = "<group>"; };
		D291E76B1413C8CE00CB08A8 /* Settings.xib */ = {isa = PBXFileReference; fileEncoding = 4; lastKnownFileType = file.xib; path = Settings.xib; sourceTree = "<group>"; };
		D291E76E1413CB0A00CB08A8 /* KeyValueTableCell.h */ = {isa = PBXFileReference; fileEncoding = 4; lastKnownFileType = sourcecode.c.h; path = KeyValueTableCell.h; sourceTree = "<group>"; };
		D291E76F1413CB0A00CB08A8 /* KeyValueTableCell.m */ = {isa = PBXFileReference; fileEncoding = 4; lastKnownFileType = sourcecode.c.objc; path = KeyValueTableCell.m; sourceTree = "<group>"; };
		D291E7701413CB0A00CB08A8 /* KeyValueTableCell.xib */ = {isa = PBXFileReference; fileEncoding = 4; lastKnownFileType = file.xib; path = KeyValueTableCell.xib; sourceTree = "<group>"; };
		D291E7781413CF4900CB08A8 /* ButtonTableCell.h */ = {isa = PBXFileReference; fileEncoding = 4; lastKnownFileType = sourcecode.c.h; path = ButtonTableCell.h; sourceTree = "<group>"; };
		D291E7791413CF4900CB08A8 /* ButtonTableCell.m */ = {isa = PBXFileReference; fileEncoding = 4; lastKnownFileType = sourcecode.c.objc; path = ButtonTableCell.m; sourceTree = "<group>"; };
		D291E77A1413CF4900CB08A8 /* ButtonTableCell.xib */ = {isa = PBXFileReference; fileEncoding = 4; lastKnownFileType = file.xib; path = ButtonTableCell.xib; sourceTree = "<group>"; };
		D291E77E1413D5C400CB08A8 /* no-notifications.png */ = {isa = PBXFileReference; lastKnownFileType = image.png; name = "no-notifications.png"; path = "Subjot/images/no-notifications.png"; sourceTree = "<group>"; };
		D291E77F1413D5C400CB08A8 /* no-notifications@2x.png */ = {isa = PBXFileReference; lastKnownFileType = image.png; name = "no-notifications@2x.png"; path = "Subjot/images/no-notifications@2x.png"; sourceTree = "<group>"; };
		D291E7821413E31300CB08A8 /* explore */ = {isa = PBXFileReference; fileEncoding = 4; lastKnownFileType = text; name = explore; path = demo_api/explore; sourceTree = "<group>"; };
		D291E7831413E31300CB08A8 /* notifications */ = {isa = PBXFileReference; fileEncoding = 4; lastKnownFileType = text; name = notifications; path = demo_api/notifications; sourceTree = "<group>"; };
		D291E7841413E31300CB08A8 /* post_comment */ = {isa = PBXFileReference; fileEncoding = 4; lastKnownFileType = text; name = post_comment; path = demo_api/post_comment; sourceTree = "<group>"; };
		D291E7851413E31300CB08A8 /* post_jot */ = {isa = PBXFileReference; fileEncoding = 4; lastKnownFileType = text; name = post_jot; path = demo_api/post_jot; sourceTree = "<group>"; };
		D291E7861413E31300CB08A8 /* user */ = {isa = PBXFileReference; fileEncoding = 4; lastKnownFileType = text; name = user; path = demo_api/user; sourceTree = "<group>"; };
		D2F56F32140EBBFC00F72DF0 /* Subjot.app */ = {isa = PBXFileReference; explicitFileType = wrapper.application; includeInIndex = 0; path = Subjot.app; sourceTree = BUILT_PRODUCTS_DIR; };
		D2F56F36140EBBFC00F72DF0 /* UIKit.framework */ = {isa = PBXFileReference; lastKnownFileType = wrapper.framework; name = UIKit.framework; path = System/Library/Frameworks/UIKit.framework; sourceTree = SDKROOT; };
		D2F56F38140EBBFC00F72DF0 /* Foundation.framework */ = {isa = PBXFileReference; lastKnownFileType = wrapper.framework; name = Foundation.framework; path = System/Library/Frameworks/Foundation.framework; sourceTree = SDKROOT; };
		D2F56F3A140EBBFC00F72DF0 /* CoreGraphics.framework */ = {isa = PBXFileReference; lastKnownFileType = wrapper.framework; name = CoreGraphics.framework; path = System/Library/Frameworks/CoreGraphics.framework; sourceTree = SDKROOT; };
		D2F56F3E140EBBFC00F72DF0 /* Subjot-Info.plist */ = {isa = PBXFileReference; lastKnownFileType = text.plist.xml; path = "Subjot-Info.plist"; sourceTree = "<group>"; };
		D2F56F40140EBBFC00F72DF0 /* en */ = {isa = PBXFileReference; lastKnownFileType = text.plist.strings; name = en; path = en.lproj/InfoPlist.strings; sourceTree = "<group>"; };
		D2F56F42140EBBFC00F72DF0 /* Subjot-Prefix.pch */ = {isa = PBXFileReference; lastKnownFileType = sourcecode.c.h; path = "Subjot-Prefix.pch"; sourceTree = "<group>"; };
		D2F56F43140EBBFC00F72DF0 /* main.m */ = {isa = PBXFileReference; lastKnownFileType = sourcecode.c.objc; path = main.m; sourceTree = "<group>"; };
		D2F56F45140EBBFC00F72DF0 /* SubjotAppDelegate.h */ = {isa = PBXFileReference; lastKnownFileType = sourcecode.c.h; path = SubjotAppDelegate.h; sourceTree = "<group>"; };
		D2F56F46140EBBFC00F72DF0 /* SubjotAppDelegate.m */ = {isa = PBXFileReference; lastKnownFileType = sourcecode.c.objc; path = SubjotAppDelegate.m; sourceTree = "<group>"; };
		D2F56F49140EBBFC00F72DF0 /* SubjotAppDelegate_iPhone.h */ = {isa = PBXFileReference; lastKnownFileType = sourcecode.c.h; name = SubjotAppDelegate_iPhone.h; path = iPhone/SubjotAppDelegate_iPhone.h; sourceTree = "<group>"; };
		D2F56F4A140EBBFC00F72DF0 /* SubjotAppDelegate_iPhone.m */ = {isa = PBXFileReference; lastKnownFileType = sourcecode.c.objc; name = SubjotAppDelegate_iPhone.m; path = iPhone/SubjotAppDelegate_iPhone.m; sourceTree = "<group>"; };
		D2F56F4D140EBBFC00F72DF0 /* en */ = {isa = PBXFileReference; lastKnownFileType = file.xib; name = en; path = iPhone/en.lproj/MainWindow_iPhone.xib; sourceTree = "<group>"; };
		D2F56F50140EBBFC00F72DF0 /* SubjotAppDelegate_iPad.h */ = {isa = PBXFileReference; lastKnownFileType = sourcecode.c.h; name = SubjotAppDelegate_iPad.h; path = iPad/SubjotAppDelegate_iPad.h; sourceTree = "<group>"; };
		D2F56F51140EBBFC00F72DF0 /* SubjotAppDelegate_iPad.m */ = {isa = PBXFileReference; lastKnownFileType = sourcecode.c.objc; name = SubjotAppDelegate_iPad.m; path = iPad/SubjotAppDelegate_iPad.m; sourceTree = "<group>"; };
		D2F56F54140EBBFC00F72DF0 /* en */ = {isa = PBXFileReference; lastKnownFileType = file.xib; name = en; path = iPad/en.lproj/MainWindow_iPad.xib; sourceTree = "<group>"; };
/* End PBXFileReference section */

/* Begin PBXFrameworksBuildPhase section */
		D2F56F2F140EBBFC00F72DF0 /* Frameworks */ = {
			isa = PBXFrameworksBuildPhase;
			buildActionMask = 2147483647;
			files = (
				D23F937D1412855E0032E317 /* SystemConfiguration.framework in Frameworks */,
				D2F56F37140EBBFC00F72DF0 /* UIKit.framework in Frameworks */,
				D2F56F39140EBBFC00F72DF0 /* Foundation.framework in Frameworks */,
				D2F56F3B140EBBFC00F72DF0 /* CoreGraphics.framework in Frameworks */,
			);
			runOnlyForDeploymentPostprocessing = 0;
		};
/* End PBXFrameworksBuildPhase section */

/* Begin PBXGroup section */
		D23F934F14114CBF0032E317 /* Login */ = {
			isa = PBXGroup;
			children = (
			);
			name = Login;
			sourceTree = "<group>";
		};
		D23F935114114CCE0032E317 /* Data */ = {
			isa = PBXGroup;
			children = (
				D23F939C1412A1C80032E317 /* Cache */,
				D23F935314114E0B0032E317 /* Jot.h */,
				D23F935414114E0B0032E317 /* Jot.m */,
				D23F939614129F3C0032E317 /* User.h */,
				D23F939714129F3C0032E317 /* User.m */,
			);
			name = Data;
			sourceTree = "<group>";
		};
		D23F935214114CED0032E317 /* API */ = {
			isa = PBXGroup;
			children = (
				D23F9391141299580032E317 /* Demo API */,
				D23F936C141284410032E317 /* Reachability.h */,
				D23F936D141284410032E317 /* Reachability.m */,
				D23F935714114E2A0032E317 /* Responses */,
				D23F935614114E250032E317 /* Requests */,
			);
			name = API;
			sourceTree = "<group>";
		};
		D23F935614114E250032E317 /* Requests */ = {
			isa = PBXGroup;
			children = (
				D23F936F141284490032E317 /* RequestBase.h */,
				D23F9370141284490032E317 /* RequestBase.m */,
				D23F938114128A780032E317 /* StreamRequest.h */,
				D23F938214128A780032E317 /* StreamRequest.m */,
			);
			name = Requests;
			sourceTree = "<group>";
		};
		D23F935714114E2A0032E317 /* Responses */ = {
			isa = PBXGroup;
			children = (
				D23F937E141288E10032E317 /* ResponseBase.h */,
				D23F937F141288E10032E317 /* ResponseBase.m */,
				D23F938E1412970C0032E317 /* StreamResponse.h */,
				D23F938F1412970C0032E317 /* StreamResponse.m */,
			);
			name = Responses;
			sourceTree = "<group>";
		};
		D23F93721412844D0032E317 /* Libraries */ = {
			isa = PBXGroup;
			children = (
				D23F93CF1412B0610032E317 /* Networking */,
				D23F93CE1412B0530032E317 /* Custom Categories */,
				D23F93A61412A9F80032E317 /* JSON */,
			);
			name = Libraries;
			sourceTree = "<group>";
		};
		D23F938414128ACB0032E317 /* Settings */ = {
			isa = PBXGroup;
			children = (
				D23F938514128AD90032E317 /* Constants.h */,
				D23F938614128AD90032E317 /* Constants.m */,
				D23F938814128AE10032E317 /* C.h */,
				D23F938914128AE10032E317 /* C.m */,
				D23F938B14128B5B0032E317 /* Settings.h */,
				D23F938C14128B5B0032E317 /* Settings.m */,
			);
			name = Settings;
			sourceTree = "<group>";
		};
		D23F9391141299580032E317 /* Demo API */ = {
			isa = PBXGroup;
			children = (
				D291E7821413E31300CB08A8 /* explore */,
				D291E7831413E31300CB08A8 /* notifications */,
				D291E7841413E31300CB08A8 /* post_comment */,
				D291E7851413E31300CB08A8 /* post_jot */,
				D291E7861413E31300CB08A8 /* user */,
				D23F93DC1412C1A30032E317 /* failed */,
				D23F93DA1412C1960032E317 /* home */,
			);
			name = "Demo API";
			sourceTree = "<group>";
		};
		D23F939C1412A1C80032E317 /* Cache */ = {
			isa = PBXGroup;
			children = (
				D23F939D1412A1D00032E317 /* UserCache.h */,
				D23F939E1412A1D00032E317 /* UserCache.m */,
				D23F93A01412A1E90032E317 /* JotCache.h */,
				D23F93A11412A1E90032E317 /* JotCache.m */,
				D23F94931413023A0032E317 /* ImageCache.h */,
				D23F94941413023A0032E317 /* ImageCache.m */,
			);
			name = Cache;
			sourceTree = "<group>";
		};
		D23F93A61412A9F80032E317 /* JSON */ = {
			isa = PBXGroup;
			children = (
				D23F93A71412AA640032E317 /* NSObject+SBJson.h */,
				D23F93A81412AA640032E317 /* NSObject+SBJson.m */,
				D23F93A91412AA640032E317 /* SBJson.h */,
				D23F93AA1412AA640032E317 /* SBJsonParser.h */,
				D23F93AB1412AA640032E317 /* SBJsonParser.m */,
				D23F93AC1412AA640032E317 /* SBJsonStreamParser.h */,
				D23F93AD1412AA640032E317 /* SBJsonStreamParser.m */,
				D23F93AE1412AA640032E317 /* SBJsonStreamParserAccumulator.h */,
				D23F93AF1412AA640032E317 /* SBJsonStreamParserAccumulator.m */,
				D23F93B01412AA640032E317 /* SBJsonStreamParserAdapter.h */,
				D23F93B11412AA640032E317 /* SBJsonStreamParserAdapter.m */,
				D23F93B21412AA640032E317 /* SBJsonStreamParserState.h */,
				D23F93B31412AA640032E317 /* SBJsonStreamParserState.m */,
				D23F93B41412AA640032E317 /* SBJsonStreamWriter.h */,
				D23F93B51412AA640032E317 /* SBJsonStreamWriter.m */,
				D23F93B61412AA640032E317 /* SBJsonStreamWriterAccumulator.h */,
				D23F93B71412AA640032E317 /* SBJsonStreamWriterAccumulator.m */,
				D23F93B81412AA640032E317 /* SBJsonStreamWriterState.h */,
				D23F93B91412AA640032E317 /* SBJsonStreamWriterState.m */,
				D23F93BA1412AA640032E317 /* SBJsonTokeniser.h */,
				D23F93BB1412AA640032E317 /* SBJsonTokeniser.m */,
				D23F93BC1412AA640032E317 /* SBJsonUTF8Stream.h */,
				D23F93BD1412AA640032E317 /* SBJsonUTF8Stream.m */,
				D23F93BE1412AA640032E317 /* SBJsonWriter.h */,
				D23F93BF1412AA640032E317 /* SBJsonWriter.m */,
			);
			name = JSON;
			sourceTree = "<group>";
		};
		D23F93CE1412B0530032E317 /* Custom Categories */ = {
			isa = PBXGroup;
			children = (
				D23F93A31412A25E0032E317 /* NSArray+Extensions.h */,
				D23F93A41412A25E0032E317 /* NSArray+Extensions.m */,
				D23F93D01412B0810032E317 /* NSString+ParsedBool.h */,
				D23F93D11412B0810032E317 /* NSString+ParsedBool.m */,
			);
			name = "Custom Categories";
			sourceTree = "<group>";
		};
		D23F93CF1412B0610032E317 /* Networking */ = {
			isa = PBXGroup;
			children = (
				D23F93731412845A0032E317 /* GTMHTTPFetcher.h */,
				D23F93741412845A0032E317 /* GTMHTTPFetcher.m */,
				D23F93751412845A0032E317 /* GTMHTTPUploadFetcher.h */,
				D23F93761412845A0032E317 /* GTMHTTPUploadFetcher.m */,
			);
			name = Networking;
			sourceTree = "<group>";
		};
		D23F93DE1412CC320032E317 /* Images */ = {
			isa = PBXGroup;
			children = (
				D291E77D1413D5B900CB08A8 /* Notifications */,
				D23F9490141301D80032E317 /* Demo API */,
				D23F948F141301CE0032E317 /* Tab Bar Icons */,
			);
			name = Images;
			sourceTree = "<group>";
		};
		D23F93F01412D3AE0032E317 /* Jot Stream */ = {
			isa = PBXGroup;
			children = (
				D23F93F11412D3F20032E317 /* StreamViewController.h */,
				D23F93F21412D3F20032E317 /* StreamViewController.m */,
				D23F93F31412D3F20032E317 /* StreamView.xib */,
				D23F94761412FB180032E317 /* JotTableCell.h */,
				D23F94771412FB180032E317 /* JotTableCell.m */,
				D23F94791412FB2C0032E317 /* JotTableCell.xib */,
			);
			name = "Jot Stream";
			sourceTree = "<group>";
		};
		D23F93FE1412D5E60032E317 /* Stream Tab */ = {
			isa = PBXGroup;
			children = (
				D23F93FF1412D5FE0032E317 /* HomeStreamController.h */,
				D23F94001412D5FE0032E317 /* HomeStreamController.m */,
				D23F94011412D5FE0032E317 /* HomeStream.xib */,
			);
			name = "Stream Tab";
			sourceTree = "<group>";
		};
		D23F948F141301CE0032E317 /* Tab Bar Icons */ = {
			isa = PBXGroup;
			children = (
				D23F93EB1412D31C0032E317 /* settings.png */,
				D23F93EC1412D31C0032E317 /* settings@2x.png */,
				D23F93E71412D0FB0032E317 /* stream.png */,
				D23F93E81412D0FB0032E317 /* stream@2x.png */,
				D23F93E31412CD910032E317 /* notifications.png */,
				D23F93E41412CD910032E317 /* notifications@2x.png */,
				D23F93DF1412CC410032E317 /* explore.png */,
				D23F93E01412CC410032E317 /* explore@2x.png */,
			);
			name = "Tab Bar Icons";
			sourceTree = "<group>";
		};
		D23F9490141301D80032E317 /* Demo API */ = {
			isa = PBXGroup;
			children = (
				D23F9491141301E40032E317 /* nsantorello.jpg */,
			);
			name = "Demo API";
			sourceTree = "<group>";
		};
		D23F9496141308960032E317 /* Jot Detail */ = {
			isa = PBXGroup;
			children = (
				D23F9497141308C50032E317 /* JotDetailController.h */,
				D23F9498141308C50032E317 /* JotDetailController.m */,
				D23F9499141308C50032E317 /* JotDetailController.xib */,
				D291E7581413C1CB00CB08A8 /* JotDetailTableCell.h */,
				D291E7591413C1CB00CB08A8 /* JotDetailTableCell.m */,
				D291E75A1413C1CB00CB08A8 /* JotDetailTableCell.xib */,
				D291E75D1413C1D600CB08A8 /* CommentTableCell.h */,
				D291E75E1413C1D600CB08A8 /* CommentTableCell.m */,
				D291E75F1413C1D600CB08A8 /* CommentTableCell.xib */,
			);
			name = "Jot Detail";
			sourceTree = "<group>";
		};
		D23F949C141309E80032E317 /* Explore Tab */ = {
			isa = PBXGroup;
			children = (
				D23F949D14130A1E0032E317 /* ExploreViewController.h */,
				D23F949E14130A1E0032E317 /* ExploreViewController.m */,
				D23F949F14130A1E0032E317 /* ExploreView.xib */,
			);
			name = "Explore Tab";
			sourceTree = "<group>";
		};
		D291E7621413C7FD00CB08A8 /* Notifications */ = {
			isa = PBXGroup;
			children = (
				D291E7641413C87700CB08A8 /* NotificationsController.h */,
				D291E7651413C87700CB08A8 /* NotificationsController.m */,
				D291E7661413C87700CB08A8 /* Notifications.xib */,
			);
			name = Notifications;
			sourceTree = "<group>";
		};
		D291E7631413C80900CB08A8 /* Settings */ = {
			isa = PBXGroup;
			children = (
				D291E7691413C8CE00CB08A8 /* SettingsController.h */,
				D291E76A1413C8CE00CB08A8 /* SettingsController.m */,
				D291E76B1413C8CE00CB08A8 /* Settings.xib */,
				D291E76E1413CB0A00CB08A8 /* KeyValueTableCell.h */,
				D291E76F1413CB0A00CB08A8 /* KeyValueTableCell.m */,
				D291E7701413CB0A00CB08A8 /* KeyValueTableCell.xib */,
				D291E7781413CF4900CB08A8 /* ButtonTableCell.h */,
				D291E7791413CF4900CB08A8 /* ButtonTableCell.m */,
				D291E77A1413CF4900CB08A8 /* ButtonTableCell.xib */,
			);
			name = Settings;
			sourceTree = "<group>";
		};
		D291E77D1413D5B900CB08A8 /* Notifications */ = {
			isa = PBXGroup;
			children = (
				D291E77E1413D5C400CB08A8 /* no-notifications.png */,
				D291E77F1413D5C400CB08A8 /* no-notifications@2x.png */,
			);
			name = Notifications;
			sourceTree = "<group>";
		};
		D2F56F27140EBBFC00F72DF0 = {
			isa = PBXGroup;
			children = (
				D23F93DE1412CC320032E317 /* Images */,
				D2F56F3C140EBBFC00F72DF0 /* Subjot */,
				D2F56F35140EBBFC00F72DF0 /* Frameworks */,
				D2F56F33140EBBFC00F72DF0 /* Products */,
			);
			sourceTree = "<group>";
		};
		D2F56F33140EBBFC00F72DF0 /* Products */ = {
			isa = PBXGroup;
			children = (
				D2F56F32140EBBFC00F72DF0 /* Subjot.app */,
			);
			name = Products;
			sourceTree = "<group>";
		};
		D2F56F35140EBBFC00F72DF0 /* Frameworks */ = {
			isa = PBXGroup;
			children = (
				D23F937C1412855E0032E317 /* SystemConfiguration.framework */,
				D2F56F36140EBBFC00F72DF0 /* UIKit.framework */,
				D2F56F38140EBBFC00F72DF0 /* Foundation.framework */,
				D2F56F3A140EBBFC00F72DF0 /* CoreGraphics.framework */,
			);
			name = Frameworks;
			sourceTree = "<group>";
		};
		D2F56F3C140EBBFC00F72DF0 /* Subjot */ = {
			isa = PBXGroup;
			children = (
				D23F938414128ACB0032E317 /* Settings */,
				D23F93721412844D0032E317 /* Libraries */,
				D23F935214114CED0032E317 /* API */,
				D23F935114114CCE0032E317 /* Data */,
				D23F934F14114CBF0032E317 /* Login */,
				D2F56F45140EBBFC00F72DF0 /* SubjotAppDelegate.h */,
				D2F56F46140EBBFC00F72DF0 /* SubjotAppDelegate.m */,
				D2F56F48140EBBFC00F72DF0 /* iPhone */,
				D2F56F4F140EBBFC00F72DF0 /* iPad */,
				D2F56F3D140EBBFC00F72DF0 /* Supporting Files */,
			);
			path = Subjot;
			sourceTree = "<group>";
		};
		D2F56F3D140EBBFC00F72DF0 /* Supporting Files */ = {
			isa = PBXGroup;
			children = (
				D2F56F3E140EBBFC00F72DF0 /* Subjot-Info.plist */,
				D2F56F3F140EBBFC00F72DF0 /* InfoPlist.strings */,
				D2F56F42140EBBFC00F72DF0 /* Subjot-Prefix.pch */,
				D2F56F43140EBBFC00F72DF0 /* main.m */,
			);
			name = "Supporting Files";
			sourceTree = "<group>";
		};
		D2F56F48140EBBFC00F72DF0 /* iPhone */ = {
			isa = PBXGroup;
			children = (
				D291E7631413C80900CB08A8 /* Settings */,
				D291E7621413C7FD00CB08A8 /* Notifications */,
				D23F949C141309E80032E317 /* Explore Tab */,
				D23F9496141308960032E317 /* Jot Detail */,
				D23F93FE1412D5E60032E317 /* Stream Tab */,
				D23F93F01412D3AE0032E317 /* Jot Stream */,
				D2F56F49140EBBFC00F72DF0 /* SubjotAppDelegate_iPhone.h */,
				D2F56F4A140EBBFC00F72DF0 /* SubjotAppDelegate_iPhone.m */,
				D2F56F4C140EBBFC00F72DF0 /* MainWindow_iPhone.xib */,
			);
			name = iPhone;
			sourceTree = "<group>";
		};
		D2F56F4F140EBBFC00F72DF0 /* iPad */ = {
			isa = PBXGroup;
			children = (
				D2F56F50140EBBFC00F72DF0 /* SubjotAppDelegate_iPad.h */,
				D2F56F51140EBBFC00F72DF0 /* SubjotAppDelegate_iPad.m */,
				D2F56F53140EBBFC00F72DF0 /* MainWindow_iPad.xib */,
			);
			name = iPad;
			sourceTree = "<group>";
		};
/* End PBXGroup section */

/* Begin PBXNativeTarget section */
		D2F56F31140EBBFC00F72DF0 /* Subjot */ = {
			isa = PBXNativeTarget;
			buildConfigurationList = D2F56F58140EBBFC00F72DF0 /* Build configuration list for PBXNativeTarget "Subjot" */;
			buildPhases = (
				D2F56F2E140EBBFC00F72DF0 /* Sources */,
				D2F56F2F140EBBFC00F72DF0 /* Frameworks */,
				D2F56F30140EBBFC00F72DF0 /* Resources */,
			);
			buildRules = (
			);
			dependencies = (
			);
			name = Subjot;
			productName = Subjot;
			productReference = D2F56F32140EBBFC00F72DF0 /* Subjot.app */;
			productType = "com.apple.product-type.application";
		};
/* End PBXNativeTarget section */

/* Begin PBXProject section */
		D2F56F29140EBBFC00F72DF0 /* Project object */ = {
			isa = PBXProject;
			attributes = {
				ORGANIZATIONNAME = "Noah Santorello";
			};
			buildConfigurationList = D2F56F2C140EBBFC00F72DF0 /* Build configuration list for PBXProject "Subjot" */;
			compatibilityVersion = "Xcode 3.2";
			developmentRegion = English;
			hasScannedForEncodings = 0;
			knownRegions = (
				en,
			);
			mainGroup = D2F56F27140EBBFC00F72DF0;
			productRefGroup = D2F56F33140EBBFC00F72DF0 /* Products */;
			projectDirPath = "";
			projectRoot = "";
			targets = (
				D2F56F31140EBBFC00F72DF0 /* Subjot */,
			);
		};
/* End PBXProject section */

/* Begin PBXResourcesBuildPhase section */
		D2F56F30140EBBFC00F72DF0 /* Resources */ = {
			isa = PBXResourcesBuildPhase;
			buildActionMask = 2147483647;
			files = (
				D2F56F41140EBBFC00F72DF0 /* InfoPlist.strings in Resources */,
				D2F56F4E140EBBFC00F72DF0 /* MainWindow_iPhone.xib in Resources */,
				D2F56F55140EBBFC00F72DF0 /* MainWindow_iPad.xib in Resources */,
				D23F93DB1412C1960032E317 /* home in Resources */,
				D23F93DD1412C1A30032E317 /* failed in Resources */,
				D23F93E11412CC410032E317 /* explore.png in Resources */,
				D23F93E21412CC410032E317 /* explore@2x.png in Resources */,
				D23F93E51412CD910032E317 /* notifications.png in Resources */,
				D23F93E61412CD910032E317 /* notifications@2x.png in Resources */,
				D23F93E91412D0FB0032E317 /* stream.png in Resources */,
				D23F93EA1412D0FB0032E317 /* stream@2x.png in Resources */,
				D23F93ED1412D31C0032E317 /* settings.png in Resources */,
				D23F93EE1412D31C0032E317 /* settings@2x.png in Resources */,
				D23F93F51412D3F20032E317 /* StreamView.xib in Resources */,
				D23F94031412D5FE0032E317 /* HomeStream.xib in Resources */,
				D23F947A1412FB2C0032E317 /* JotTableCell.xib in Resources */,
				D23F9492141301E40032E317 /* nsantorello.jpg in Resources */,
				D23F949B141308C50032E317 /* JotDetailController.xib in Resources */,
				D23F94A114130A1E0032E317 /* ExploreView.xib in Resources */,
				D291E75C1413C1CB00CB08A8 /* JotDetailTableCell.xib in Resources */,
				D291E7611413C1D600CB08A8 /* CommentTableCell.xib in Resources */,
				D291E7681413C87700CB08A8 /* Notifications.xib in Resources */,
				D291E76D1413C8CE00CB08A8 /* Settings.xib in Resources */,
				D291E7721413CB0A00CB08A8 /* KeyValueTableCell.xib in Resources */,
				D291E77C1413CF4A00CB08A8 /* ButtonTableCell.xib in Resources */,
				D291E7801413D5C400CB08A8 /* no-notifications.png in Resources */,
				D291E7811413D5C400CB08A8 /* no-notifications@2x.png in Resources */,
				D291E7871413E31300CB08A8 /* explore in Resources */,
				D291E7881413E31300CB08A8 /* notifications in Resources */,
				D291E7891413E31300CB08A8 /* post_comment in Resources */,
				D291E78A1413E31300CB08A8 /* post_jot in Resources */,
				D291E78B1413E31300CB08A8 /* user in Resources */,
			);
			runOnlyForDeploymentPostprocessing = 0;
		};
/* End PBXResourcesBuildPhase section */

/* Begin PBXSourcesBuildPhase section */
		D2F56F2E140EBBFC00F72DF0 /* Sources */ = {
			isa = PBXSourcesBuildPhase;
			buildActionMask = 2147483647;
			files = (
				D2F56F44140EBBFC00F72DF0 /* main.m in Sources */,
				D2F56F47140EBBFC00F72DF0 /* SubjotAppDelegate.m in Sources */,
				D2F56F4B140EBBFC00F72DF0 /* SubjotAppDelegate_iPhone.m in Sources */,
				D2F56F52140EBBFC00F72DF0 /* SubjotAppDelegate_iPad.m in Sources */,
				D23F935514114E0B0032E317 /* Jot.m in Sources */,
				D23F936E141284410032E317 /* Reachability.m in Sources */,
				D23F9371141284490032E317 /* RequestBase.m in Sources */,
				D23F93771412845A0032E317 /* GTMHTTPFetcher.m in Sources */,
				D23F93781412845A0032E317 /* GTMHTTPUploadFetcher.m in Sources */,
				D23F9380141288E10032E317 /* ResponseBase.m in Sources */,
				D23F938314128A780032E317 /* StreamRequest.m in Sources */,
				D23F938714128AD90032E317 /* Constants.m in Sources */,
				D23F938A14128AE10032E317 /* C.m in Sources */,
				D23F938D14128B5B0032E317 /* Settings.m in Sources */,
				D23F93901412970C0032E317 /* StreamResponse.m in Sources */,
				D23F939814129F3C0032E317 /* User.m in Sources */,
				D23F939F1412A1D00032E317 /* UserCache.m in Sources */,
				D23F93A21412A1E90032E317 /* JotCache.m in Sources */,
				D23F93A51412A25E0032E317 /* NSArray+Extensions.m in Sources */,
				D23F93C01412AA640032E317 /* NSObject+SBJson.m in Sources */,
				D23F93C11412AA640032E317 /* SBJsonParser.m in Sources */,
				D23F93C21412AA640032E317 /* SBJsonStreamParser.m in Sources */,
				D23F93C31412AA640032E317 /* SBJsonStreamParserAccumulator.m in Sources */,
				D23F93C41412AA640032E317 /* SBJsonStreamParserAdapter.m in Sources */,
				D23F93C51412AA640032E317 /* SBJsonStreamParserState.m in Sources */,
				D23F93C61412AA640032E317 /* SBJsonStreamWriter.m in Sources */,
				D23F93C71412AA640032E317 /* SBJsonStreamWriterAccumulator.m in Sources */,
				D23F93C81412AA640032E317 /* SBJsonStreamWriterState.m in Sources */,
				D23F93C91412AA640032E317 /* SBJsonTokeniser.m in Sources */,
				D23F93CA1412AA640032E317 /* SBJsonUTF8Stream.m in Sources */,
				D23F93CB1412AA640032E317 /* SBJsonWriter.m in Sources */,
				D23F93D21412B0810032E317 /* NSString+ParsedBool.m in Sources */,
				D23F93F41412D3F20032E317 /* StreamViewController.m in Sources */,
				D23F94021412D5FE0032E317 /* HomeStreamController.m in Sources */,
				D23F94781412FB190032E317 /* JotTableCell.m in Sources */,
				D23F94951413023B0032E317 /* ImageCache.m in Sources */,
				D23F949A141308C50032E317 /* JotDetailController.m in Sources */,
				D23F94A014130A1E0032E317 /* ExploreViewController.m in Sources */,
				D291E75B1413C1CB00CB08A8 /* JotDetailTableCell.m in Sources */,
				D291E7601413C1D600CB08A8 /* CommentTableCell.m in Sources */,
				D291E7671413C87700CB08A8 /* NotificationsController.m in Sources */,
				D291E76C1413C8CE00CB08A8 /* SettingsController.m in Sources */,
				D291E7711413CB0A00CB08A8 /* KeyValueTableCell.m in Sources */,
				D291E77B1413CF4A00CB08A8 /* ButtonTableCell.m in Sources */,
			);
			runOnlyForDeploymentPostprocessing = 0;
		};
/* End PBXSourcesBuildPhase section */

/* Begin PBXVariantGroup section */
		D2F56F3F140EBBFC00F72DF0 /* InfoPlist.strings */ = {
			isa = PBXVariantGroup;
			children = (
				D2F56F40140EBBFC00F72DF0 /* en */,
			);
			name = InfoPlist.strings;
			sourceTree = "<group>";
		};
		D2F56F4C140EBBFC00F72DF0 /* MainWindow_iPhone.xib */ = {
			isa = PBXVariantGroup;
			children = (
				D2F56F4D140EBBFC00F72DF0 /* en */,
			);
			name = MainWindow_iPhone.xib;
			sourceTree = "<group>";
		};
		D2F56F53140EBBFC00F72DF0 /* MainWindow_iPad.xib */ = {
			isa = PBXVariantGroup;
			children = (
				D2F56F54140EBBFC00F72DF0 /* en */,
			);
			name = MainWindow_iPad.xib;
			sourceTree = "<group>";
		};
/* End PBXVariantGroup section */

/* Begin XCBuildConfiguration section */
		D2F56F56140EBBFC00F72DF0 /* Debug */ = {
			isa = XCBuildConfiguration;
			buildSettings = {
				ARCHS = "$(ARCHS_STANDARD_32_BIT)";
				"CODE_SIGN_IDENTITY[sdk=iphoneos*]" = "iPhone Developer";
				GCC_C_LANGUAGE_STANDARD = gnu99;
				GCC_OPTIMIZATION_LEVEL = 0;
				GCC_PREPROCESSOR_DEFINITIONS = DEBUG;
				GCC_SYMBOLS_PRIVATE_EXTERN = NO;
				GCC_VERSION = com.apple.compilers.llvmgcc42;
				GCC_WARN_ABOUT_RETURN_TYPE = YES;
				GCC_WARN_UNUSED_VARIABLE = YES;
				IPHONEOS_DEPLOYMENT_TARGET = 4.3;
				SDKROOT = iphoneos;
				TARGETED_DEVICE_FAMILY = "1,2";
			};
			name = Debug;
		};
		D2F56F57140EBBFC00F72DF0 /* Release */ = {
			isa = XCBuildConfiguration;
			buildSettings = {
				ARCHS = "$(ARCHS_STANDARD_32_BIT)";
				"CODE_SIGN_IDENTITY[sdk=iphoneos*]" = "iPhone Developer";
				GCC_C_LANGUAGE_STANDARD = gnu99;
				GCC_VERSION = com.apple.compilers.llvmgcc42;
				GCC_WARN_ABOUT_RETURN_TYPE = YES;
				GCC_WARN_UNUSED_VARIABLE = YES;
				IPHONEOS_DEPLOYMENT_TARGET = 4.3;
				OTHER_CFLAGS = "-DNS_BLOCK_ASSERTIONS=1";
				SDKROOT = iphoneos;
				TARGETED_DEVICE_FAMILY = "1,2";
			};
			name = Release;
		};
		D2F56F59140EBBFC00F72DF0 /* Debug */ = {
			isa = XCBuildConfiguration;
			buildSettings = {
				ALWAYS_SEARCH_USER_PATHS = NO;
				COPY_PHASE_STRIP = NO;
				GCC_DYNAMIC_NO_PIC = NO;
				GCC_PRECOMPILE_PREFIX_HEADER = YES;
				GCC_PREFIX_HEADER = "Subjot/Subjot-Prefix.pch";
				INFOPLIST_FILE = "Subjot/Subjot-Info.plist";
				PRODUCT_NAME = "$(TARGET_NAME)";
				WRAPPER_EXTENSION = app;
			};
			name = Debug;
		};
		D2F56F5A140EBBFC00F72DF0 /* Release */ = {
			isa = XCBuildConfiguration;
			buildSettings = {
				ALWAYS_SEARCH_USER_PATHS = NO;
				COPY_PHASE_STRIP = YES;
				GCC_PRECOMPILE_PREFIX_HEADER = YES;
				GCC_PREFIX_HEADER = "Subjot/Subjot-Prefix.pch";
				INFOPLIST_FILE = "Subjot/Subjot-Info.plist";
				PRODUCT_NAME = "$(TARGET_NAME)";
				VALIDATE_PRODUCT = YES;
				WRAPPER_EXTENSION = app;
			};
			name = Release;
		};
/* End XCBuildConfiguration section */

/* Begin XCConfigurationList section */
		D2F56F2C140EBBFC00F72DF0 /* Build configuration list for PBXProject "Subjot" */ = {
			isa = XCConfigurationList;
			buildConfigurations = (
				D2F56F56140EBBFC00F72DF0 /* Debug */,
				D2F56F57140EBBFC00F72DF0 /* Release */,
			);
			defaultConfigurationIsVisible = 0;
			defaultConfigurationName = Release;
		};
		D2F56F58140EBBFC00F72DF0 /* Build configuration list for PBXNativeTarget "Subjot" */ = {
			isa = XCConfigurationList;
			buildConfigurations = (
				D2F56F59140EBBFC00F72DF0 /* Debug */,
				D2F56F5A140EBBFC00F72DF0 /* Release */,
			);
			defaultConfigurationIsVisible = 0;
			defaultConfigurationName = Release;
		};
/* End XCConfigurationList section */
	};
	rootObject = D2F56F29140EBBFC00F72DF0 /* Project object */;
}
